<?xml version="1.0" encoding="utf-8"?>
<Project ToolsVersion="16.0" xmlns="http://schemas.microsoft.com/developer/msbuild/2003">
  <ItemGroup>
    <ClCompile Include="C:\Users\Dan\source\repos\Empaerior\Application\Src\Tools\Imgui\imgui-empaerior\imgui_empaerior.cpp">
      <Filter>Tools\Imgui\imgui-empaerior</Filter>
    </ClCompile>
    <ClCompile Include="C:\Users\Dan\source\repos\Empaerior\Application\Src\Tools\Imgui\imgui-empaerior\imgui_impl_vulkan.cpp">
      <Filter>Tools\Imgui\imgui-empaerior</Filter>
    </ClCompile>
    <ClCompile Include="C:\Users\Dan\source\repos\Empaerior\Application\Src\Tools\Imgui\imgui-master\imgui.cpp">
      <Filter>Tools\Imgui\imgui-master</Filter>
    </ClCompile>
    <ClCompile Include="C:\Users\Dan\source\repos\Empaerior\Application\Src\Tools\Imgui\imgui-master\imgui_demo.cpp">
      <Filter>Tools\Imgui\imgui-master</Filter>
    </ClCompile>
    <ClCompile Include="C:\Users\Dan\source\repos\Empaerior\Application\Src\Tools\Imgui\imgui-master\imgui_draw.cpp">
      <Filter>Tools\Imgui\imgui-master</Filter>
    </ClCompile>
    <ClCompile Include="C:\Users\Dan\source\repos\Empaerior\Application\Src\Tools\Imgui\imgui-master\imgui_widgets.cpp">
      <Filter>Tools\Imgui\imgui-master</Filter>
    </ClCompile>
    <ClCompile Include="C:\Users\Dan\source\repos\Empaerior\Application\Src\Tools\Imgui\imgui-master\misc\cpp\imgui_stdlib.cpp">
      <Filter>Tools\Imgui\imgui-master\misc\cpp</Filter>
    </ClCompile>
    <ClCompile Include="C:\Users\Dan\source\repos\Empaerior\Application\Src\Tools\Imgui\imgui-master\misc\fonts\binary_to_compressed_c.cpp">
      <Filter>Tools\Imgui\imgui-master\misc\fonts</Filter>
    </ClCompile>
    <ClCompile Include="C:\Users\Dan\source\repos\Empaerior\Application\Src\Tools\Imgui\imgui_sdl-master\example.cpp">
      <Filter>Tools\Imgui\imgui_sdl-master</Filter>
    </ClCompile>
    <ClCompile Include="C:\Users\Dan\source\repos\Empaerior\Application\Src\Tools\Imgui\imgui_sdl-master\imgui_sdl.cpp">
      <Filter>Tools\Imgui\imgui_sdl-master</Filter>
    </ClCompile>
    <ClCompile Include="C:\Users\Dan\source\repos\Empaerior\Application\Src\Application.cpp">
      <Filter>Tools</Filter>
    </ClCompile>
  </ItemGroup>
  <ItemGroup>
    <ClInclude Include="C:\Users\Dan\source\repos\Empaerior\Application\Src\Tools\Imgui\Emp_Imgui.h">
      <Filter>Tools\Imgui</Filter>
    </ClInclude>
    <ClInclude Include="C:\Users\Dan\source\repos\Empaerior\Application\Src\Tools\Imgui\imgui-empaerior\imgui_empaerior.h">
      <Filter>Tools\Imgui\imgui-empaerior</Filter>
    </ClInclude>
    <ClInclude Include="C:\Users\Dan\source\repos\Empaerior\Application\Src\Tools\Imgui\imgui-empaerior\imgui_impl_vulkan.h">
      <Filter>Tools\Imgui\imgui-empaerior</Filter>
    </ClInclude>
    <ClInclude Include="C:\Users\Dan\source\repos\Empaerior\Application\Src\Tools\Imgui\imgui-master\imconfig.h">
      <Filter>Tools\Imgui\imgui-master</Filter>
    </ClInclude>
    <ClInclude Include="C:\Users\Dan\source\repos\Empaerior\Application\Src\Tools\Imgui\imgui-master\imgui.h">
      <Filter>Tools\Imgui\imgui-master</Filter>
    </ClInclude>
    <ClInclude Include="C:\Users\Dan\source\repos\Empaerior\Application\Src\Tools\Imgui\imgui-master\imgui_internal.h">
      <Filter>Tools\Imgui\imgui-master</Filter>
    </ClInclude>
    <ClInclude Include="C:\Users\Dan\source\repos\Empaerior\Application\Src\Tools\Imgui\imgui-master\imstb_rectpack.h">
      <Filter>Tools\Imgui\imgui-master</Filter>
    </ClInclude>
    <ClInclude Include="C:\Users\Dan\source\repos\Empaerior\Application\Src\Tools\Imgui\imgui-master\imstb_textedit.h">
      <Filter>Tools\Imgui\imgui-master</Filter>
    </ClInclude>
    <ClInclude Include="C:\Users\Dan\source\repos\Empaerior\Application\Src\Tools\Imgui\imgui-master\imstb_truetype.h">
      <Filter>Tools\Imgui\imgui-master</Filter>
    </ClInclude>
    <ClInclude Include="C:\Users\Dan\source\repos\Empaerior\Application\Src\Tools\Imgui\imgui-master\misc\cpp\imgui_stdlib.h">
      <Filter>Tools\Imgui\imgui-master\misc\cpp</Filter>
    </ClInclude>
    <ClInclude Include="C:\Users\Dan\source\repos\Empaerior\Application\Src\Tools\Imgui\imgui-master\misc\single_file\imgui_single_file.h">
      <Filter>Tools\Imgui\imgui-master\misc\single_file</Filter>
    </ClInclude>
    <ClInclude Include="C:\Users\Dan\source\repos\Empaerior\Application\Src\Tools\Imgui\imgui_sdl-master\imgui_sdl.h">
      <Filter>Tools\Imgui\imgui_sdl-master</Filter>
    </ClInclude>
  </ItemGroup>
  <ItemGroup>
    <Filter Include="Tools">
      <UniqueIdentifier>{BAE44666-B96E-3081-97F9-B20D5467977D}</UniqueIdentifier>
    </Filter>
    <Filter Include="Tools\Imgui">
      <UniqueIdentifier>{6162A569-14EA-35CB-9C80-12660C88AA04}</UniqueIdentifier>
    </Filter>
    <Filter Include="Tools\Imgui\imgui-empaerior">
      <UniqueIdentifier>{0464CC13-527D-3D30-B62D-8024E90DD9D0}</UniqueIdentifier>
    </Filter>
    <Filter Include="Tools\Imgui\imgui-master">
      <UniqueIdentifier>{5BC3F663-FA96-3BB0-B2F8-60EA515D2ED1}</UniqueIdentifier>
    </Filter>
    <Filter Include="Tools\Imgui\imgui-master\misc">
      <UniqueIdentifier>{1053BF26-98AB-3FA4-B021-B1B24427D45A}</UniqueIdentifier>
    </Filter>
    <Filter Include="Tools\Imgui\imgui-master\misc\cpp">
      <UniqueIdentifier>{F362541F-FC56-3DE9-92D8-549D50714417}</UniqueIdentifier>
    </Filter>
    <Filter Include="Tools\Imgui\imgui-master\misc\fonts">
      <UniqueIdentifier>{59D3CE37-9594-3D0C-9FA1-5719D80B6AD2}</UniqueIdentifier>
    </Filter>
    <Filter Include="Tools\Imgui\imgui-master\misc\single_file">
      <UniqueIdentifier>{5F170214-BDC7-3596-A974-F1D53E0780A3}</UniqueIdentifier>
    </Filter>
    <Filter Include="Tools\Imgui\imgui_sdl-master">
      <UniqueIdentifier>{F3DE18D1-409B-3943-B98F-B622C0BE3CF3}</UniqueIdentifier>
    </Filter>
  </ItemGroup>
</Project>