
Microsoft Visual Studio Solution File, Format Version 12.00
# Visual Studio Version 16
Project("{2150E333-8FDC-42A3-9474-1A3956D46DE8}") = "CMakePredefinedTargets", "CMakePredefinedTargets", "{6934B185-5DAC-3BA0-B8B1-80A6F1CA9FDA}"
EndProject
Project("{8BC9CEB8-8B4A-11D0-8D11-00A0C91BC942}") = "ALL_BUILD", "ALL_BUILD.vcxproj", "{94E20C5A-6351-3928-BF30-CAF0575CB1E1}"
	ProjectSection(ProjectDependencies) = postProject
		{B9EE9C1C-6872-30DB-89A9-FAF19D245FBE} = {B9EE9C1C-6872-30DB-89A9-FAF19D245FBE}
	EndProjectSection
EndProject
Project("{8BC9CEB8-8B4A-11D0-8D11-00A0C91BC942}") = "Application", "Application.vcxproj", "{B9EE9C1C-6872-30DB-89A9-FAF19D245FBE}"
	ProjectSection(ProjectDependencies) = postProject
		{92237521-B9AB-3486-99C7-5A50E3050B06} = {92237521-B9AB-3486-99C7-5A50E3050B06}
	EndProjectSection
EndProject
Project("{8BC9CEB8-8B4A-11D0-8D11-00A0C91BC942}") = "Empaerior", "..\Empaerior\Empaerior.vcxproj", "{92237521-B9AB-3486-99C7-5A50E3050B06}"
	ProjectSection(ProjectDependencies) = postProject
	EndProjectSection
EndProject
Global
	GlobalSection(SolutionConfigurationPlatforms) = preSolution
		Debug|x64 = Debug|x64
		Dist|x64 = Dist|x64
		Release|x64 = Release|x64
	EndGlobalSection
	GlobalSection(ProjectConfigurationPlatforms) = postSolution
		{94E20C5A-6351-3928-BF30-CAF0575CB1E1}.Debug|x64.ActiveCfg = Debug|x64
		{94E20C5A-6351-3928-BF30-CAF0575CB1E1}.Dist|x64.ActiveCfg = Dist|x64
		{94E20C5A-6351-3928-BF30-CAF0575CB1E1}.Release|x64.ActiveCfg = Release|x64
		{B9EE9C1C-6872-30DB-89A9-FAF19D245FBE}.Debug|x64.ActiveCfg = Debug|x64
		{B9EE9C1C-6872-30DB-89A9-FAF19D245FBE}.Debug|x64.Build.0 = Debug|x64
		{B9EE9C1C-6872-30DB-89A9-FAF19D245FBE}.Dist|x64.ActiveCfg = Dist|x64
		{B9EE9C1C-6872-30DB-89A9-FAF19D245FBE}.Dist|x64.Build.0 = Dist|x64
		{B9EE9C1C-6872-30DB-89A9-FAF19D245FBE}.Release|x64.ActiveCfg = Release|x64
		{B9EE9C1C-6872-30DB-89A9-FAF19D245FBE}.Release|x64.Build.0 = Release|x64
		{92237521-B9AB-3486-99C7-5A50E3050B06}.Debug|x64.ActiveCfg = Debug|x64
		{92237521-B9AB-3486-99C7-5A50E3050B06}.Debug|x64.Build.0 = Debug|x64
		{92237521-B9AB-3486-99C7-5A50E3050B06}.Dist|x64.ActiveCfg = Dist|x64
		{92237521-B9AB-3486-99C7-5A50E3050B06}.Dist|x64.Build.0 = Dist|x64
		{92237521-B9AB-3486-99C7-5A50E3050B06}.Release|x64.ActiveCfg = Release|x64
		{92237521-B9AB-3486-99C7-5A50E3050B06}.Release|x64.Build.0 = Release|x64
	EndGlobalSection
	GlobalSection(NestedProjects) = preSolution
		{94E20C5A-6351-3928-BF30-CAF0575CB1E1} = {6934B185-5DAC-3BA0-B8B1-80A6F1CA9FDA}
	EndGlobalSection
	GlobalSection(ExtensibilityGlobals) = postSolution
		SolutionGuid = {AB31F48E-658E-32BD-8AB0-D90AD634E7EB}
	EndGlobalSection
	GlobalSection(ExtensibilityAddIns) = postSolution
	EndGlobalSection
EndGlobal
